
Microsoft Visual Studio Solution File, Format Version 12.00
# Visual Studio Version 17
VisualStudioVersion = 17.0.31903.59
MinimumVisualStudioVersion = 10.0.40219.1
Project("{2150E333-8FDC-42A3-9474-1A3956D46DE8}") = "src", "src", "{AD0CF0EB-A492-4BB5-BD21-96734E247F4D}"
EndProject
Project("{FAE04EC0-301F-11D3-BF4B-00C04F79EFBC}") = "WorkerAgent", "src\WorkerAgent\WorkerAgent.csproj", "{6E55C713-CF8F-44C1-AAE8-2EC85A4BCEBD}"
EndProject
Project("{2150E333-8FDC-42A3-9474-1A3956D46DE8}") = "docs", "docs", "{2DA54C9C-ADCD-470B-9E34-A6A1CBC3F3E2}"
	ProjectSection(SolutionItems) = preProject
		README.md = README.md
	EndProjectSection
EndProject
Project("{2150E333-8FDC-42A3-9474-1A3956D46DE8}") = "docker", "docker", "{0E26FBC1-C53B-4B1F-BE41-F6F466A82DDE}"
	ProjectSection(SolutionItems) = preProject
		.dockerignore = .dockerignore
	EndProjectSection
EndProject
Project("{2150E333-8FDC-42A3-9474-1A3956D46DE8}") = "github", "github", "{5A94C098-5A9D-4730-834D-AB23C049371B}"
	ProjectSection(SolutionItems) = preProject
		.gitignore = .gitignore
		.github\workflows\dotnet.yml = .github\workflows\dotnet.yml
	EndProjectSection
EndProject
Project("{FAE04EC0-301F-11D3-BF4B-00C04F79EFBC}") = "ControlPlane", "src\ControlPlane\ControlPlane.csproj", "{D701B01A-1CAF-4987-9712-7BE9D31C442D}"
EndProject
Project("{FAE04EC0-301F-11D3-BF4B-00C04F79EFBC}") = "CommunicationsProtocol", "src\CommunicationsProtocol\CommunicationsProtocol.csproj", "{7A2C1BD1-1E1D-4330-A13D-22E10B9D2AFE}"
EndProject
Project("{2150E333-8FDC-42A3-9474-1A3956D46DE8}") = "deps", "deps", "{16E93FAF-F06B-4AE6-AA2C-A0DB61C06F29}"
	ProjectSection(SolutionItems) = preProject
		Directory.Packages.props = Directory.Packages.props
	EndProjectSection
EndProject
Global
	GlobalSection(SolutionConfigurationPlatforms) = preSolution
		Debug|Any CPU = Debug|Any CPU
		Release|Any CPU = Release|Any CPU
	EndGlobalSection
	GlobalSection(SolutionProperties) = preSolution
		HideSolutionNode = FALSE
	EndGlobalSection
	GlobalSection(ProjectConfigurationPlatforms) = postSolution
		{6E55C713-CF8F-44C1-AAE8-2EC85A4BCEBD}.Debug|Any CPU.ActiveCfg = Debug|Any CPU
		{6E55C713-CF8F-44C1-AAE8-2EC85A4BCEBD}.Debug|Any CPU.Build.0 = Debug|Any CPU
		{6E55C713-CF8F-44C1-AAE8-2EC85A4BCEBD}.Release|Any CPU.ActiveCfg = Release|Any CPU
		{6E55C713-CF8F-44C1-AAE8-2EC85A4BCEBD}.Release|Any CPU.Build.0 = Release|Any CPU
		{D701B01A-1CAF-4987-9712-7BE9D31C442D}.Debug|Any CPU.ActiveCfg = Debug|Any CPU
		{D701B01A-1CAF-4987-9712-7BE9D31C442D}.Debug|Any CPU.Build.0 = Debug|Any CPU
		{D701B01A-1CAF-4987-9712-7BE9D31C442D}.Release|Any CPU.ActiveCfg = Release|Any CPU
		{D701B01A-1CAF-4987-9712-7BE9D31C442D}.Release|Any CPU.Build.0 = Release|Any CPU
		{7A2C1BD1-1E1D-4330-A13D-22E10B9D2AFE}.Debug|Any CPU.ActiveCfg = Debug|Any CPU
		{7A2C1BD1-1E1D-4330-A13D-22E10B9D2AFE}.Debug|Any CPU.Build.0 = Debug|Any CPU
		{7A2C1BD1-1E1D-4330-A13D-22E10B9D2AFE}.Release|Any CPU.ActiveCfg = Release|Any CPU
		{7A2C1BD1-1E1D-4330-A13D-22E10B9D2AFE}.Release|Any CPU.Build.0 = Release|Any CPU
	EndGlobalSection
	GlobalSection(NestedProjects) = preSolution
		{6E55C713-CF8F-44C1-AAE8-2EC85A4BCEBD} = {AD0CF0EB-A492-4BB5-BD21-96734E247F4D}
		{D701B01A-1CAF-4987-9712-7BE9D31C442D} = {AD0CF0EB-A492-4BB5-BD21-96734E247F4D}
		{7A2C1BD1-1E1D-4330-A13D-22E10B9D2AFE} = {AD0CF0EB-A492-4BB5-BD21-96734E247F4D}
	EndGlobalSection
EndGlobal
